
Microsoft Visual Studio Solution File, Format Version 12.00
# Visual Studio Version 17
VisualStudioVersion = 17.13.35617.110 d17.13
MinimumVisualStudioVersion = 10.0.40219.1
Project("{FAE04EC0-301F-11D3-BF4B-00C04F79EFBC}") = "COMP003A.Assignment1", "COMP003A.Assignment1\COMP003A.Assignment1.csproj", "{12B3A8C1-FA8F-4DBD-AABB-DD57B6D4311D}"
EndProject
Global
	GlobalSection(SolutionConfigurationPlatforms) = preSolution
		Debug|Any CPU = Debug|Any CPU
		Release|Any CPU = Release|Any CPU
	EndGlobalSection
	GlobalSection(ProjectConfigurationPlatforms) = postSolution
		{12B3A8C1-FA8F-4DBD-AABB-DD57B6D4311D}.Debug|Any CPU.ActiveCfg = Debug|Any CPU
		{12B3A8C1-FA8F-4DBD-AABB-DD57B6D4311D}.Debug|Any CPU.Build.0 = Debug|Any CPU
		{12B3A8C1-FA8F-4DBD-AABB-DD57B6D4311D}.Release|Any CPU.ActiveCfg = Release|Any CPU
		{12B3A8C1-FA8F-4DBD-AABB-DD57B6D4311D}.Release|Any CPU.Build.0 = Release|Any CPU
	EndGlobalSection
	GlobalSection(SolutionProperties) = preSolution
		HideSolutionNode = FALSE
	EndGlobalSection
	GlobalSection(ExtensibilityGlobals) = postSolution
		SolutionGuid = {14127896-A9EC-42ED-9FED-1A2B8411357E}
	EndGlobalSection
EndGlobal
